{
  "requires": true,
  "lockfileVersion": 1,
  "dependencies": {
    "@babel/helper-validator-identifier": {
      "version": "7.10.4",
      "resolved": "https://registry.npmjs.org/@babel/helper-validator-identifier/-/helper-validator-identifier-7.10.4.tgz",
      "integrity": "sha512-3U9y+43hz7ZM+rzG24Qe2mufW5KhvFg/NhnNph+i9mgCtdTCtMJuI1TMkrIUiK7Ix4PYlRF9I5dhqaLYA/ADXw=="
    },
    "@babel/parser": {
      "version": "7.12.7",
      "resolved": "https://registry.npmjs.org/@babel/parser/-/parser-7.12.7.tgz",
      "integrity": "sha512-oWR02Ubp4xTLCAqPRiNIuMVgNO5Aif/xpXtabhzW2HWUD47XJsAB4Zd/Rg30+XeQA3juXigV7hlquOTmwqLiwg=="
    },
    "@babel/types": {
      "version": "7.12.7",
      "resolved": "https://registry.npmjs.org/@babel/types/-/types-7.12.7.tgz",
      "integrity": "sha512-MNyI92qZq6jrQkXvtIiykvl4WtoRrVV9MPn+ZfsoEENjiWcBQ3ZSHrkxnJWgWtLX3XXqX5hrSQ+X69wkmesXuQ==",
      "requires": {
        "@babel/helper-validator-identifier": "^7.10.4",
        "lodash": "^4.17.19",
        "to-fast-properties": "^2.0.0"
      }
    },
    "@vue/compiler-core": {
      "version": "3.0.3",
      "resolved": "https://registry.npmjs.org/@vue/compiler-core/-/compiler-core-3.0.3.tgz",
      "integrity": "sha512-iWlRT8RYLmz7zkg84pTOriNUzjH7XACWN++ImFkskWXWeev29IKi7p76T9jKDaMZoPiGcUZ0k9wayuASWVxOwg==",
      "requires": {
        "@babel/parser": "^7.12.0",
        "@babel/types": "^7.12.0",
        "@vue/shared": "3.0.3",
        "estree-walker": "^2.0.1",
        "source-map": "^0.6.1"
      }
    },
    "@vue/compiler-dom": {
      "version": "3.0.3",
      "resolved": "https://registry.npmjs.org/@vue/compiler-dom/-/compiler-dom-3.0.3.tgz",
      "integrity": "sha512-6GdUbDPjsc0MDZGAgpi4lox+d+aW9/brscwBOLOFfy9wcI9b6yLPmBbjdIsJq3pYdJWbdvACdJ77avBBdHEP8A==",
      "requires": {
        "@vue/compiler-core": "3.0.3",
        "@vue/shared": "3.0.3"
      }
    },
    "@vue/reactivity": {
      "version": "3.0.3",
      "resolved": "https://registry.npmjs.org/@vue/reactivity/-/reactivity-3.0.3.tgz",
      "integrity": "sha512-t39Qmc42MX7wJtf8L6tHlu17eP9Rc5w4aRnxpLHNWoaRxddv/7FBhWqusJ2Bwkk8ixFHOQeejcLMt5G469WYJw==",
      "requires": {
        "@vue/shared": "3.0.3"
      }
    },
    "@vue/runtime-core": {
      "version": "3.0.3",
      "resolved": "https://registry.npmjs.org/@vue/runtime-core/-/runtime-core-3.0.3.tgz",
      "integrity": "sha512-Fd1JVnYI6at0W/2ERwJuTSq4S22gNt8bKEbICcvCAac7hJUZ1rylThlrhsvrgA+DVkWU01r0niNZQ4UddlNw7g==",
      "requires": {
        "@vue/reactivity": "3.0.3",
        "@vue/shared": "3.0.3"
      }
    },
    "@vue/runtime-dom": {
      "version": "3.0.3",
      "resolved": "https://registry.npmjs.org/@vue/runtime-dom/-/runtime-dom-3.0.3.tgz",
      "integrity": "sha512-ytTvSlRaEYvLQUkkpruIBizWIwuIeHER0Ch/evO6kUaPLjZjX3NerVxA40cqJx8rRjb9keQso21U2Jcpk8GsTg==",
      "requires": {
        "@vue/runtime-core": "3.0.3",
        "@vue/shared": "3.0.3",
        "csstype": "^2.6.8"
      }
    },
    "@vue/shared": {
      "version": "3.0.3",
      "resolved": "https://registry.npmjs.org/@vue/shared/-/shared-3.0.3.tgz",
      "integrity": "sha512-yGgkF7u4W0Dmwri9XdeY50kOowN4UIX7aBQ///jbxx37itpzVjK7QzvD3ltQtPfWaJDGBfssGL0wpAgwX9OJpQ=="
    },
    "csstype": {
      "version": "2.6.14",
      "resolved": "https://registry.npmjs.org/csstype/-/csstype-2.6.14.tgz",
      "integrity": "sha512-2mSc+VEpGPblzAxyeR+vZhJKgYg0Og0nnRi7pmRXFYYxSfnOnW8A5wwQb4n4cE2nIOzqKOAzLCaEX6aBmNEv8A=="
    },
    "estree-walker": {
      "version": "2.0.1",
      "resolved": "https://registry.npmjs.org/estree-walker/-/estree-walker-2.0.1.tgz",
      "integrity": "sha512-tF0hv+Yi2Ot1cwj9eYHtxC0jB9bmjacjQs6ZBTj82H8JwUywFuc+7E83NWfNMwHXZc11mjfFcVXPe9gEP4B8dg=="
    },
    "lodash": {
      "version": "4.17.20",
      "resolved": "https://registry.npmjs.org/lodash/-/lodash-4.17.20.tgz",
      "integrity": "sha512-PlhdFcillOINfeV7Ni6oF1TAEayyZBoZ8bcshTHqOYJYlrqzRK5hagpagky5o4HfCzzd1TRkXPMFq6cKk9rGmA=="
    },
    "source-map": {
      "version": "0.6.1",
      "resolved": "https://registry.npmjs.org/source-map/-/source-map-0.6.1.tgz",
      "integrity": "sha512-UjgapumWlbMhkBgzT7Ykc5YXUT46F0iKu8SGXq0bcwP5dz/h0Plj6enJqjz1Zbq2l5WaqYnrVbwWOWMyF3F47g=="
    },
    "to-fast-properties": {
      "version": "2.0.0",
      "resolved": "https://registry.npmjs.org/to-fast-properties/-/to-fast-properties-2.0.0.tgz",
      "integrity": "sha1-3F5pjL0HkmW8c+A3doGk5Og/YW4="
    },
    "vue": {
      "version": "3.0.3",
      "resolved": "https://registry.npmjs.org/vue/-/vue-3.0.3.tgz",
      "integrity": "sha512-BZG5meD5vLWdvfnRL5WqfDy+cnXO1X/SweModGUna78bdFPZW6+ZO1tU9p0acrskX3DKFcfSp2s4SZnMjABx6w==",
      "requires": {
        "@vue/compiler-dom": "3.0.3",
        "@vue/runtime-dom": "3.0.3",
        "@vue/shared": "3.0.3"
      }
    }
  }
}
